
Microsoft Visual Studio Solution File, Format Version 12.00
# Visual Studio Version 17
VisualStudioVersion = 17.11.35303.130
MinimumVisualStudioVersion = 10.0.40219.1
Project("{FAE04EC0-301F-11D3-BF4B-00C04F79EFBC}") = "PopovR_GUN28_GUNPC_Arrays", "PopovR_GUN28_GUNPC_Arrays.csproj", "{AB452BB7-94D9-4C18-928A-A37A4334E58E}"
EndProject
Global
	GlobalSection(SolutionConfigurationPlatforms) = preSolution
		Debug|Any CPU = Debug|Any CPU
		Release|Any CPU = Release|Any CPU
	EndGlobalSection
	GlobalSection(ProjectConfigurationPlatforms) = postSolution
		{AB452BB7-94D9-4C18-928A-A37A4334E58E}.Debug|Any CPU.ActiveCfg = Debug|Any CPU
		{AB452BB7-94D9-4C18-928A-A37A4334E58E}.Debug|Any CPU.Build.0 = Debug|Any CPU
		{AB452BB7-94D9-4C18-928A-A37A4334E58E}.Release|Any CPU.ActiveCfg = Release|Any CPU
		{AB452BB7-94D9-4C18-928A-A37A4334E58E}.Release|Any CPU.Build.0 = Release|Any CPU
	EndGlobalSection
	GlobalSection(SolutionProperties) = preSolution
		HideSolutionNode = FALSE
	EndGlobalSection
	GlobalSection(ExtensibilityGlobals) = postSolution
		SolutionGuid = {BEBDB39F-1C05-4E14-98C1-B31F714BF51C}
	EndGlobalSection
EndGlobal
